// !$*UTF8*$!
{
	archiveVersion = 1;
	classes = {
	};
	objectVersion = 50;
	objects = {

/* Begin PBXBuildFile section */
		0785440429C8762000FDA709 /* 1978.c in Sources */ = {isa = PBXBuildFile; fileRef = 07EB79752933605D001FB37F /* 1978.c */; };
/* End PBXBuildFile section */

/* Begin PBXCopyFilesBuildPhase section */
		07EE71FF254EFD320030776C /* CopyFiles */ = {
			isa = PBXCopyFilesBuildPhase;
			buildActionMask = 2147483647;
			dstPath = /usr/share/man/man1/;
			dstSubfolderSpec = 0;
			files = (
			);
			runOnlyForDeploymentPostprocessing = 1;
		};
/* End PBXCopyFilesBuildPhase section */

/* Begin PBXFileReference section */
		0785440229C870FB00FDA709 /* 10926.c */ = {isa = PBXFileReference; lastKnownFileType = sourcecode.c.c; path = 10926.c; sourceTree = "<group>"; };
		07BE1E42292CCE870075734E /* 1712.c */ = {isa = PBXFileReference; lastKnownFileType = sourcecode.c.c; path = 1712.c; sourceTree = "<group>"; };
		07D7B2E02550151200139B2F /* 4344.c */ = {isa = PBXFileReference; lastKnownFileType = sourcecode.c.c; path = 4344.c; sourceTree = "<group>"; };
		07D7B2E425501B0500139B2F /* 15596.c */ = {isa = PBXFileReference; lastKnownFileType = sourcecode.c.c; path = 15596.c; sourceTree = "<group>"; };
		07EB79752933605D001FB37F /* 1978.c */ = {isa = PBXFileReference; lastKnownFileType = sourcecode.c.c; path = 1978.c; sourceTree = "<group>"; };
		07EE7201254EFD320030776C /* 백준 */ = {isa = PBXFileReference; explicitFileType = "compiled.mach-o.executable"; includeInIndex = 0; path = "백준"; sourceTree = BUILT_PRODUCTS_DIR; };
		07EE7204254EFD320030776C /* 3052.c */ = {isa = PBXFileReference; lastKnownFileType = sourcecode.c.c; path = 3052.c; sourceTree = "<group>"; };
		07EE720D254F07180030776C /* 1546.c */ = {isa = PBXFileReference; lastKnownFileType = sourcecode.c.c; path = 1546.c; sourceTree = "<group>"; };
		07EE7212254FA9850030776C /* 8958.c */ = {isa = PBXFileReference; lastKnownFileType = sourcecode.c.c; path = 8958.c; sourceTree = "<group>"; };
/* End PBXFileReference section */

/* Begin PBXFrameworksBuildPhase section */
		07EE71FE254EFD320030776C /* Frameworks */ = {
			isa = PBXFrameworksBuildPhase;
			buildActionMask = 2147483647;
			files = (
			);
			runOnlyForDeploymentPostprocessing = 0;
		};
/* End PBXFrameworksBuildPhase section */

/* Begin PBXGroup section */
		07EE71F8254EFD320030776C = {
			isa = PBXGroup;
			children = (
				07EE7203254EFD320030776C /* 백준 */,
				07EE7202254EFD320030776C /* Products */,
			);
			sourceTree = "<group>";
		};
		07EE7202254EFD320030776C /* Products */ = {
			isa = PBXGroup;
			children = (
				07EE7201254EFD320030776C /* 백준 */,
			);
			name = Products;
			sourceTree = "<group>";
		};
		07EE7203254EFD320030776C /* 백준 */ = {
			isa = PBXGroup;
			children = (
				07EE7204254EFD320030776C /* 3052.c */,
				07EE720D254F07180030776C /* 1546.c */,
				07EE7212254FA9850030776C /* 8958.c */,
				07D7B2E02550151200139B2F /* 4344.c */,
				07D7B2E425501B0500139B2F /* 15596.c */,
				07BE1E42292CCE870075734E /* 1712.c */,
				07EB79752933605D001FB37F /* 1978.c */,
				0785440229C870FB00FDA709 /* 10926.c */,
			);
			path = "백준";
			sourceTree = "<group>";
		};
/* End PBXGroup section */

/* Begin PBXNativeTarget section */
		07EE7200254EFD320030776C /* 백준 */ = {
			isa = PBXNativeTarget;
			buildConfigurationList = 07EE7208254EFD320030776C /* Build configuration list for PBXNativeTarget "백준" */;
			buildPhases = (
				07EE71FD254EFD320030776C /* Sources */,
				07EE71FE254EFD320030776C /* Frameworks */,
				07EE71FF254EFD320030776C /* CopyFiles */,
			);
			buildRules = (
			);
			dependencies = (
			);
			name = "백준";
			productName = "백준";
			productReference = 07EE7201254EFD320030776C /* 백준 */;
			productType = "com.apple.product-type.tool";
		};
/* End PBXNativeTarget section */

/* Begin PBXProject section */
		07EE71F9254EFD320030776C /* Project object */ = {
			isa = PBXProject;
			attributes = {
				LastUpgradeCheck = 1210;
				TargetAttributes = {
					07EE7200254EFD320030776C = {
						CreatedOnToolsVersion = 12.1;
					};
				};
			};
			buildConfigurationList = 07EE71FC254EFD320030776C /* Build configuration list for PBXProject "백준" */;
			compatibilityVersion = "Xcode 9.3";
			developmentRegion = en;
			hasScannedForEncodings = 0;
			knownRegions = (
				en,
				Base,
			);
			mainGroup = 07EE71F8254EFD320030776C;
			productRefGroup = 07EE7202254EFD320030776C /* Products */;
			projectDirPath = "";
			projectRoot = "";
			targets = (
				07EE7200254EFD320030776C /* 백준 */,
			);
		};
/* End PBXProject section */

/* Begin PBXSourcesBuildPhase section */
		07EE71FD254EFD320030776C /* Sources */ = {
			isa = PBXSourcesBuildPhase;
			buildActionMask = 2147483647;
			files = (
				0785440429C8762000FDA709 /* 1978.c in Sources */,
			);
			runOnlyForDeploymentPostprocessing = 0;
		};
/* End PBXSourcesBuildPhase section */

/* Begin XCBuildConfiguration section */
		07EE7206254EFD320030776C /* Debug */ = {
			isa = XCBuildConfiguration;
			buildSettings = {
				ALWAYS_SEARCH_USER_PATHS = NO;
				CLANG_ANALYZER_NONNULL = YES;
				CLANG_ANALYZER_NUMBER_OBJECT_CONVERSION = YES_AGGRESSIVE;
				CLANG_CXX_LANGUAGE_STANDARD = "gnu++14";
				CLANG_CXX_LIBRARY = "libc++";
				CLANG_ENABLE_MODULES = YES;
				CLANG_ENABLE_OBJC_ARC = YES;
				CLANG_ENABLE_OBJC_WEAK = YES;
				CLANG_WARN_BLOCK_CAPTURE_AUTORELEASING = YES;
				CLANG_WARN_BOOL_CONVERSION = YES;
				CLANG_WARN_COMMA = YES;
				CLANG_WARN_CONSTANT_CONVERSION = YES;
				CLANG_WARN_DEPRECATED_OBJC_IMPLEMENTATIONS = YES;
				CLANG_WARN_DIRECT_OBJC_ISA_USAGE = YES_ERROR;
				CLANG_WARN_DOCUMENTATION_COMMENTS = YES;
				CLANG_WARN_EMPTY_BODY = YES;
				CLANG_WARN_ENUM_CONVERSION = YES;
				CLANG_WARN_INFINITE_RECURSION = YES;
				CLANG_WARN_INT_CONVERSION = YES;
				CLANG_WARN_NON_LITERAL_NULL_CONVERSION = YES;
				CLANG_WARN_OBJC_IMPLICIT_RETAIN_SELF = YES;
				CLANG_WARN_OBJC_LITERAL_CONVERSION = YES;
				CLANG_WARN_OBJC_ROOT_CLASS = YES_ERROR;
				CLANG_WARN_QUOTED_INCLUDE_IN_FRAMEWORK_HEADER = YES;
				CLANG_WARN_RANGE_LOOP_ANALYSIS = YES;
				CLANG_WARN_STRICT_PROTOTYPES = YES;
				CLANG_WARN_SUSPICIOUS_MOVE = YES;
				CLANG_WARN_UNGUARDED_AVAILABILITY = YES_AGGRESSIVE;
				CLANG_WARN_UNREACHABLE_CODE = YES;
				CLANG_WARN__DUPLICATE_METHOD_MATCH = YES;
				COPY_PHASE_STRIP = NO;
				DEBUG_INFORMATION_FORMAT = dwarf;
				ENABLE_STRICT_OBJC_MSGSEND = YES;
				ENABLE_TESTABILITY = YES;
				GCC_C_LANGUAGE_STANDARD = gnu11;
				GCC_DYNAMIC_NO_PIC = NO;
				GCC_NO_COMMON_BLOCKS = YES;
				GCC_OPTIMIZATION_LEVEL = 0;
				GCC_PREPROCESSOR_DEFINITIONS = (
					"DEBUG=1",
					"$(inherited)",
				);
				GCC_WARN_64_TO_32_BIT_CONVERSION = YES;
				GCC_WARN_ABOUT_RETURN_TYPE = YES_ERROR;
				GCC_WARN_UNDECLARED_SELECTOR = YES;
				GCC_WARN_UNINITIALIZED_AUTOS = YES_AGGRESSIVE;
				GCC_WARN_UNUSED_FUNCTION = YES;
				GCC_WARN_UNUSED_VARIABLE = YES;
				MACOSX_DEPLOYMENT_TARGET = 10.15;
				MTL_ENABLE_DEBUG_INFO = INCLUDE_SOURCE;
				MTL_FAST_MATH = YES;
				ONLY_ACTIVE_ARCH = YES;
				SDKROOT = macosx;
			};
			name = Debug;
		};
		07EE7207254EFD320030776C /* Release */ = {
			isa = XCBuildConfiguration;
			buildSettings = {
				ALWAYS_SEARCH_USER_PATHS = NO;
				CLANG_ANALYZER_NONNULL = YES;
				CLANG_ANALYZER_NUMBER_OBJECT_CONVERSION = YES_AGGRESSIVE;
				CLANG_CXX_LANGUAGE_STANDARD = "gnu++14";
				CLANG_CXX_LIBRARY = "libc++";
				CLANG_ENABLE_MODULES = YES;
				CLANG_ENABLE_OBJC_ARC = YES;
				CLANG_ENABLE_OBJC_WEAK = YES;
				CLANG_WARN_BLOCK_CAPTURE_AUTORELEASING = YES;
				CLANG_WARN_BOOL_CONVERSION = YES;
				CLANG_WARN_COMMA = YES;
				CLANG_WARN_CONSTANT_CONVERSION = YES;
				CLANG_WARN_DEPRECATED_OBJC_IMPLEMENTATIONS = YES;
				CLANG_WARN_DIRECT_OBJC_ISA_USAGE = YES_ERROR;
				CLANG_WARN_DOCUMENTATION_COMMENTS = YES;
				CLANG_WARN_EMPTY_BODY = YES;
				CLANG_WARN_ENUM_CONVERSION = YES;
				CLANG_WARN_INFINITE_RECURSION = YES;
				CLANG_WARN_INT_CONVERSION = YES;
				CLANG_WARN_NON_LITERAL_NULL_CONVERSION = YES;
				CLANG_WARN_OBJC_IMPLICIT_RETAIN_SELF = YES;
				CLANG_WARN_OBJC_LITERAL_CONVERSION = YES;
				CLANG_WARN_OBJC_ROOT_CLASS = YES_ERROR;
				CLANG_WARN_QUOTED_INCLUDE_IN_FRAMEWORK_HEADER = YES;
				CLANG_WARN_RANGE_LOOP_ANALYSIS = YES;
				CLANG_WARN_STRICT_PROTOTYPES = YES;
				CLANG_WARN_SUSPICIOUS_MOVE = YES;
				CLANG_WARN_UNGUARDED_AVAILABILITY = YES_AGGRESSIVE;
				CLANG_WARN_UNREACHABLE_CODE = YES;
				CLANG_WARN__DUPLICATE_METHOD_MATCH = YES;
				COPY_PHASE_STRIP = NO;
				DEBUG_INFORMATION_FORMAT = "dwarf-with-dsym";
				ENABLE_NS_ASSERTIONS = NO;
				ENABLE_STRICT_OBJC_MSGSEND = YES;
				GCC_C_LANGUAGE_STANDARD = gnu11;
				GCC_NO_COMMON_BLOCKS = YES;
				GCC_WARN_64_TO_32_BIT_CONVERSION = YES;
				GCC_WARN_ABOUT_RETURN_TYPE = YES_ERROR;
				GCC_WARN_UNDECLARED_SELECTOR = YES;
				GCC_WARN_UNINITIALIZED_AUTOS = YES_AGGRESSIVE;
				GCC_WARN_UNUSED_FUNCTION = YES;
				GCC_WARN_UNUSED_VARIABLE = YES;
				MACOSX_DEPLOYMENT_TARGET = 10.15;
				MTL_ENABLE_DEBUG_INFO = NO;
				MTL_FAST_MATH = YES;
				SDKROOT = macosx;
			};
			name = Release;
		};
		07EE7209254EFD320030776C /* Debug */ = {
			isa = XCBuildConfiguration;
			buildSettings = {
				CODE_SIGN_STYLE = Automatic;
				PRODUCT_NAME = "$(TARGET_NAME)";
			};
			name = Debug;
		};
		07EE720A254EFD320030776C /* Release */ = {
			isa = XCBuildConfiguration;
			buildSettings = {
				CODE_SIGN_STYLE = Automatic;
				PRODUCT_NAME = "$(TARGET_NAME)";
			};
			name = Release;
		};
/* End XCBuildConfiguration section */

/* Begin XCConfigurationList section */
		07EE71FC254EFD320030776C /* Build configuration list for PBXProject "백준" */ = {
			isa = XCConfigurationList;
			buildConfigurations = (
				07EE7206254EFD320030776C /* Debug */,
				07EE7207254EFD320030776C /* Release */,
			);
			defaultConfigurationIsVisible = 0;
			defaultConfigurationName = Release;
		};
		07EE7208254EFD320030776C /* Build configuration list for PBXNativeTarget "백준" */ = {
			isa = XCConfigurationList;
			buildConfigurations = (
				07EE7209254EFD320030776C /* Debug */,
				07EE720A254EFD320030776C /* Release */,
			);
			defaultConfigurationIsVisible = 0;
			defaultConfigurationName = Release;
		};
/* End XCConfigurationList section */
	};
	rootObject = 07EE71F9254EFD320030776C /* Project object */;
}
